// !$*UTF8*$!
{
	archiveVersion = 1;
	classes = {
	};
	objectVersion = 56;
	objects = {

/* Begin PBXBuildFile section */
		732BA81F2CBD351F00960199 /* InstagramSwiftUIApp.swift in Sources */ = {isa = PBXBuildFile; fileRef = 732BA81E2CBD351F00960199 /* InstagramSwiftUIApp.swift */; };
		732BA8212CBD351F00960199 /* ContentView.swift in Sources */ = {isa = PBXBuildFile; fileRef = 732BA8202CBD351F00960199 /* ContentView.swift */; };
		732BA8232CBD352000960199 /* Assets.xcassets in Resources */ = {isa = PBXBuildFile; fileRef = 732BA8222CBD352000960199 /* Assets.xcassets */; };
		732BA8262CBD352000960199 /* Preview Assets.xcassets in Resources */ = {isa = PBXBuildFile; fileRef = 732BA8252CBD352000960199 /* Preview Assets.xcassets */; };
		732BA8402CBD370000960199 /* MainTabView.swift in Sources */ = {isa = PBXBuildFile; fileRef = 732BA83F2CBD370000960199 /* MainTabView.swift */; };
		732BA8422CBD371800960199 /* FeedView.swift in Sources */ = {isa = PBXBuildFile; fileRef = 732BA8412CBD371800960199 /* FeedView.swift */; };
		732BA8442CBD372500960199 /* SearchView.swift in Sources */ = {isa = PBXBuildFile; fileRef = 732BA8432CBD372500960199 /* SearchView.swift */; };
		732BA8462CBD373600960199 /* NotificationsView.swift in Sources */ = {isa = PBXBuildFile; fileRef = 732BA8452CBD373600960199 /* NotificationsView.swift */; };
		732BA8482CBD374A00960199 /* UploadPostView.swift in Sources */ = {isa = PBXBuildFile; fileRef = 732BA8472CBD374A00960199 /* UploadPostView.swift */; };
		732BA84A2CBD375700960199 /* ProfileView.swift in Sources */ = {isa = PBXBuildFile; fileRef = 732BA8492CBD375700960199 /* ProfileView.swift */; };
		732BA84F2CBD3A6C00960199 /* FeedCell.swift in Sources */ = {isa = PBXBuildFile; fileRef = 732BA84E2CBD3A6C00960199 /* FeedCell.swift */; };
		732BA8512CBD47DC00960199 /* PostGridView.swift in Sources */ = {isa = PBXBuildFile; fileRef = 732BA8502CBD47DC00960199 /* PostGridView.swift */; };
		732BA8562CBD4B8A00960199 /* UserCell.swift in Sources */ = {isa = PBXBuildFile; fileRef = 732BA8552CBD4B8A00960199 /* UserCell.swift */; };
		732BA8582CBD4B9200960199 /* UserListView.swift in Sources */ = {isa = PBXBuildFile; fileRef = 732BA8572CBD4B9200960199 /* UserListView.swift */; };
		732BA85A2CBD55D800960199 /* NotificationCell.swift in Sources */ = {isa = PBXBuildFile; fileRef = 732BA8592CBD55D800960199 /* NotificationCell.swift */; };
		732BA85C2CBD5D3700960199 /* Image+Ext.swift in Sources */ = {isa = PBXBuildFile; fileRef = 732BA85B2CBD5D3700960199 /* Image+Ext.swift */; };
		7346B9782CC10F6900D520EA /* ProfileViewModel.swift in Sources */ = {isa = PBXBuildFile; fileRef = 7346B9772CC10F6900D520EA /* ProfileViewModel.swift */; };
		7346B97A2CC123B500D520EA /* UserService.swift in Sources */ = {isa = PBXBuildFile; fileRef = 7346B9792CC123B400D520EA /* UserService.swift */; };
		737719C12CBFA5B8005ECE7E /* GoogleService-Info.plist in Resources */ = {isa = PBXBuildFile; fileRef = 737719C02CBFA5B8005ECE7E /* GoogleService-Info.plist */; };
		737719C42CBFA637005ECE7E /* FirebaseAuth in Frameworks */ = {isa = PBXBuildFile; productRef = 737719C32CBFA637005ECE7E /* FirebaseAuth */; };
		737719C62CBFA637005ECE7E /* FirebaseFirestore in Frameworks */ = {isa = PBXBuildFile; productRef = 737719C52CBFA637005ECE7E /* FirebaseFirestore */; };
		737719C82CBFA637005ECE7E /* FirebaseStorage in Frameworks */ = {isa = PBXBuildFile; productRef = 737719C72CBFA637005ECE7E /* FirebaseStorage */; };
		737719CB2CBFA668005ECE7E /* AppDelegate.swift in Sources */ = {isa = PBXBuildFile; fileRef = 737719CA2CBFA668005ECE7E /* AppDelegate.swift */; };
		737719CE2CBFAEB1005ECE7E /* Kingfisher in Frameworks */ = {isa = PBXBuildFile; productRef = 737719CD2CBFAEB1005ECE7E /* Kingfisher */; };
		737719D02CBFBA94005ECE7E /* AuthViewModel.swift in Sources */ = {isa = PBXBuildFile; fileRef = 737719CF2CBFBA94005ECE7E /* AuthViewModel.swift */; };
		737719D22CBFC618005ECE7E /* ImageUploader.swift in Sources */ = {isa = PBXBuildFile; fileRef = 737719D12CBFC618005ECE7E /* ImageUploader.swift */; };
		737719D42CBFFF93005ECE7E /* Constants.swift in Sources */ = {isa = PBXBuildFile; fileRef = 737719D32CBFFF93005ECE7E /* Constants.swift */; };
		737719D62CC004C7005ECE7E /* User.swift in Sources */ = {isa = PBXBuildFile; fileRef = 737719D52CC004C7005ECE7E /* User.swift */; };
		737719D92CC0078A005ECE7E /* SearchViewModel.swift in Sources */ = {isa = PBXBuildFile; fileRef = 737719D82CC0078A005ECE7E /* SearchViewModel.swift */; };
		73B60A272CBE853A003E1931 /* ProfileHeaderView.swift in Sources */ = {isa = PBXBuildFile; fileRef = 73B60A262CBE853A003E1931 /* ProfileHeaderView.swift */; };
		73B60A292CBE86E5003E1931 /* UserStatusView.swift in Sources */ = {isa = PBXBuildFile; fileRef = 73B60A282CBE86E5003E1931 /* UserStatusView.swift */; };
		73B60A2B2CBE914D003E1931 /* ProfileActionButtonView.swift in Sources */ = {isa = PBXBuildFile; fileRef = 73B60A2A2CBE914D003E1931 /* ProfileActionButtonView.swift */; };
		73B60A2D2CBE9E17003E1931 /* ImagePicker.swift in Sources */ = {isa = PBXBuildFile; fileRef = 73B60A2C2CBE9E17003E1931 /* ImagePicker.swift */; };
		73B60A2F2CBEB635003E1931 /* LoginView.swift in Sources */ = {isa = PBXBuildFile; fileRef = 73B60A2E2CBEB635003E1931 /* LoginView.swift */; };
		73B60A312CBEB63B003E1931 /* RegisterView.swift in Sources */ = {isa = PBXBuildFile; fileRef = 73B60A302CBEB63B003E1931 /* RegisterView.swift */; };
		73B60A332CBEB648003E1931 /* ResetPasswordView.swift in Sources */ = {isa = PBXBuildFile; fileRef = 73B60A322CBEB648003E1931 /* ResetPasswordView.swift */; };
		73B60A352CBEB842003E1931 /* CustomTextField.swift in Sources */ = {isa = PBXBuildFile; fileRef = 73B60A342CBEB842003E1931 /* CustomTextField.swift */; };
		73B60A382CBECC3D003E1931 /* CustomSecureTextField.swift in Sources */ = {isa = PBXBuildFile; fileRef = 73B60A372CBECC3D003E1931 /* CustomSecureTextField.swift */; };
/* End PBXBuildFile section */

/* Begin PBXFileReference section */
		732BA81B2CBD351F00960199 /* InstagramSwiftUI.app */ = {isa = PBXFileReference; explicitFileType = wrapper.application; includeInIndex = 0; path = InstagramSwiftUI.app; sourceTree = BUILT_PRODUCTS_DIR; };
		732BA81E2CBD351F00960199 /* InstagramSwiftUIApp.swift */ = {isa = PBXFileReference; lastKnownFileType = sourcecode.swift; path = InstagramSwiftUIApp.swift; sourceTree = "<group>"; };
		732BA8202CBD351F00960199 /* ContentView.swift */ = {isa = PBXFileReference; lastKnownFileType = sourcecode.swift; path = ContentView.swift; sourceTree = "<group>"; };
		732BA8222CBD352000960199 /* Assets.xcassets */ = {isa = PBXFileReference; lastKnownFileType = folder.assetcatalog; path = Assets.xcassets; sourceTree = "<group>"; };
		732BA8252CBD352000960199 /* Preview Assets.xcassets */ = {isa = PBXFileReference; lastKnownFileType = folder.assetcatalog; path = "Preview Assets.xcassets"; sourceTree = "<group>"; };
		732BA83F2CBD370000960199 /* MainTabView.swift */ = {isa = PBXFileReference; lastKnownFileType = sourcecode.swift; path = MainTabView.swift; sourceTree = "<group>"; };
		732BA8412CBD371800960199 /* FeedView.swift */ = {isa = PBXFileReference; lastKnownFileType = sourcecode.swift; path = FeedView.swift; sourceTree = "<group>"; };
		732BA8432CBD372500960199 /* SearchView.swift */ = {isa = PBXFileReference; lastKnownFileType = sourcecode.swift; path = SearchView.swift; sourceTree = "<group>"; };
		732BA8452CBD373600960199 /* NotificationsView.swift */ = {isa = PBXFileReference; lastKnownFileType = sourcecode.swift; path = NotificationsView.swift; sourceTree = "<group>"; };
		732BA8472CBD374A00960199 /* UploadPostView.swift */ = {isa = PBXFileReference; lastKnownFileType = sourcecode.swift; path = UploadPostView.swift; sourceTree = "<group>"; };
		732BA8492CBD375700960199 /* ProfileView.swift */ = {isa = PBXFileReference; lastKnownFileType = sourcecode.swift; path = ProfileView.swift; sourceTree = "<group>"; };
		732BA84E2CBD3A6C00960199 /* FeedCell.swift */ = {isa = PBXFileReference; lastKnownFileType = sourcecode.swift; path = FeedCell.swift; sourceTree = "<group>"; };
		732BA8502CBD47DC00960199 /* PostGridView.swift */ = {isa = PBXFileReference; lastKnownFileType = sourcecode.swift; path = PostGridView.swift; sourceTree = "<group>"; };
		732BA8552CBD4B8A00960199 /* UserCell.swift */ = {isa = PBXFileReference; lastKnownFileType = sourcecode.swift; path = UserCell.swift; sourceTree = "<group>"; };
		732BA8572CBD4B9200960199 /* UserListView.swift */ = {isa = PBXFileReference; lastKnownFileType = sourcecode.swift; path = UserListView.swift; sourceTree = "<group>"; };
		732BA8592CBD55D800960199 /* NotificationCell.swift */ = {isa = PBXFileReference; lastKnownFileType = sourcecode.swift; path = NotificationCell.swift; sourceTree = "<group>"; };
		732BA85B2CBD5D3700960199 /* Image+Ext.swift */ = {isa = PBXFileReference; lastKnownFileType = sourcecode.swift; path = "Image+Ext.swift"; sourceTree = "<group>"; };
		7346B9772CC10F6900D520EA /* ProfileViewModel.swift */ = {isa = PBXFileReference; lastKnownFileType = sourcecode.swift; path = ProfileViewModel.swift; sourceTree = "<group>"; };
		7346B9792CC123B400D520EA /* UserService.swift */ = {isa = PBXFileReference; lastKnownFileType = sourcecode.swift; path = UserService.swift; sourceTree = "<group>"; };
		737719C02CBFA5B8005ECE7E /* GoogleService-Info.plist */ = {isa = PBXFileReference; fileEncoding = 4; lastKnownFileType = text.plist.xml; path = "GoogleService-Info.plist"; sourceTree = "<group>"; };
		737719CA2CBFA668005ECE7E /* AppDelegate.swift */ = {isa = PBXFileReference; lastKnownFileType = sourcecode.swift; path = AppDelegate.swift; sourceTree = "<group>"; };
		737719CF2CBFBA94005ECE7E /* AuthViewModel.swift */ = {isa = PBXFileReference; lastKnownFileType = sourcecode.swift; path = AuthViewModel.swift; sourceTree = "<group>"; };
		737719D12CBFC618005ECE7E /* ImageUploader.swift */ = {isa = PBXFileReference; lastKnownFileType = sourcecode.swift; path = ImageUploader.swift; sourceTree = "<group>"; };
		737719D32CBFFF93005ECE7E /* Constants.swift */ = {isa = PBXFileReference; lastKnownFileType = sourcecode.swift; path = Constants.swift; sourceTree = "<group>"; };
		737719D52CC004C7005ECE7E /* User.swift */ = {isa = PBXFileReference; lastKnownFileType = sourcecode.swift; path = User.swift; sourceTree = "<group>"; };
		737719D82CC0078A005ECE7E /* SearchViewModel.swift */ = {isa = PBXFileReference; lastKnownFileType = sourcecode.swift; path = SearchViewModel.swift; sourceTree = "<group>"; };
		73B60A262CBE853A003E1931 /* ProfileHeaderView.swift */ = {isa = PBXFileReference; lastKnownFileType = sourcecode.swift; path = ProfileHeaderView.swift; sourceTree = "<group>"; };
		73B60A282CBE86E5003E1931 /* UserStatusView.swift */ = {isa = PBXFileReference; lastKnownFileType = sourcecode.swift; path = UserStatusView.swift; sourceTree = "<group>"; };
		73B60A2A2CBE914D003E1931 /* ProfileActionButtonView.swift */ = {isa = PBXFileReference; lastKnownFileType = sourcecode.swift; path = ProfileActionButtonView.swift; sourceTree = "<group>"; };
		73B60A2C2CBE9E17003E1931 /* ImagePicker.swift */ = {isa = PBXFileReference; lastKnownFileType = sourcecode.swift; path = ImagePicker.swift; sourceTree = "<group>"; };
		73B60A2E2CBEB635003E1931 /* LoginView.swift */ = {isa = PBXFileReference; lastKnownFileType = sourcecode.swift; path = LoginView.swift; sourceTree = "<group>"; };
		73B60A302CBEB63B003E1931 /* RegisterView.swift */ = {isa = PBXFileReference; lastKnownFileType = sourcecode.swift; path = RegisterView.swift; sourceTree = "<group>"; };
		73B60A322CBEB648003E1931 /* ResetPasswordView.swift */ = {isa = PBXFileReference; lastKnownFileType = sourcecode.swift; path = ResetPasswordView.swift; sourceTree = "<group>"; };
		73B60A342CBEB842003E1931 /* CustomTextField.swift */ = {isa = PBXFileReference; lastKnownFileType = sourcecode.swift; path = CustomTextField.swift; sourceTree = "<group>"; };
		73B60A372CBECC3D003E1931 /* CustomSecureTextField.swift */ = {isa = PBXFileReference; lastKnownFileType = sourcecode.swift; path = CustomSecureTextField.swift; sourceTree = "<group>"; };
/* End PBXFileReference section */

/* Begin PBXFrameworksBuildPhase section */
		732BA8182CBD351F00960199 /* Frameworks */ = {
			isa = PBXFrameworksBuildPhase;
			buildActionMask = 2147483647;
			files = (
				737719CE2CBFAEB1005ECE7E /* Kingfisher in Frameworks */,
				737719C42CBFA637005ECE7E /* FirebaseAuth in Frameworks */,
				737719C62CBFA637005ECE7E /* FirebaseFirestore in Frameworks */,
				737719C82CBFA637005ECE7E /* FirebaseStorage in Frameworks */,
			);
			runOnlyForDeploymentPostprocessing = 0;
		};
/* End PBXFrameworksBuildPhase section */

/* Begin PBXGroup section */
		732BA8122CBD351F00960199 = {
			isa = PBXGroup;
			children = (
				732BA81D2CBD351F00960199 /* InstagramSwiftUI */,
				732BA81C2CBD351F00960199 /* Products */,
			);
			sourceTree = "<group>";
		};
		732BA81C2CBD351F00960199 /* Products */ = {
			isa = PBXGroup;
			children = (
				732BA81B2CBD351F00960199 /* InstagramSwiftUI.app */,
			);
			name = Products;
			sourceTree = "<group>";
		};
		732BA81D2CBD351F00960199 /* InstagramSwiftUI */ = {
			isa = PBXGroup;
			children = (
				732BA8312CBD354F00960199 /* Model */,
				732BA8302CBD354D00960199 /* View */,
				732BA82F2CBD354C00960199 /* ViewModel */,
				732BA82D2CBD354600960199 /* API */,
				732BA82C2CBD354400960199 /* Utils */,
				732BA8522CBD496900960199 /* Extensions */,
				737719C92CBFA65B005ECE7E /* App */,
				732BA8222CBD352000960199 /* Assets.xcassets */,
				737719C02CBFA5B8005ECE7E /* GoogleService-Info.plist */,
				732BA8242CBD352000960199 /* Preview Content */,
			);
			path = InstagramSwiftUI;
			sourceTree = "<group>";
		};
		732BA8242CBD352000960199 /* Preview Content */ = {
			isa = PBXGroup;
			children = (
				732BA8252CBD352000960199 /* Preview Assets.xcassets */,
			);
			path = "Preview Content";
			sourceTree = "<group>";
		};
		732BA82C2CBD354400960199 /* Utils */ = {
			isa = PBXGroup;
			children = (
				73B60A2C2CBE9E17003E1931 /* ImagePicker.swift */,
				737719D32CBFFF93005ECE7E /* Constants.swift */,
			);
			path = Utils;
			sourceTree = "<group>";
		};
		732BA82D2CBD354600960199 /* API */ = {
			isa = PBXGroup;
			children = (
				737719D12CBFC618005ECE7E /* ImageUploader.swift */,
				7346B9792CC123B400D520EA /* UserService.swift */,
			);
			path = API;
			sourceTree = "<group>";
		};
		732BA82F2CBD354C00960199 /* ViewModel */ = {
			isa = PBXGroup;
			children = (
				737719D72CC0077E005ECE7E /* Search */,
				732BA83E2CBD361D00960199 /* Profile */,
				732BA83D2CBD361B00960199 /* Authentication */,
				732BA83C2CBD361800960199 /* Notifications */,
				732BA83B2CBD361600960199 /* Feed */,
			);
			path = ViewModel;
			sourceTree = "<group>";
		};
		732BA8302CBD354D00960199 /* View */ = {
			isa = PBXGroup;
			children = (
				732BA83A2CBD35DE00960199 /* Components */,
				732BA8392CBD35CE00960199 /* Authentication */,
				732BA8382CBD35C100960199 /* Notifications */,
				732BA8372CBD35BA00960199 /* Search */,
				732BA8362CBD35AC00960199 /* Comments */,
				732BA8352CBD35A500960199 /* Feed */,
				732BA8342CBD359D00960199 /* Profile */,
				732BA8332CBD358C00960199 /* UploadPost */,
				732BA8322CBD358700960199 /* Main */,
			);
			path = View;
			sourceTree = "<group>";
		};
		732BA8312CBD354F00960199 /* Model */ = {
			isa = PBXGroup;
			children = (
				737719D52CC004C7005ECE7E /* User.swift */,
			);
			path = Model;
			sourceTree = "<group>";
		};
		732BA8322CBD358700960199 /* Main */ = {
			isa = PBXGroup;
			children = (
				732BA8202CBD351F00960199 /* ContentView.swift */,
				732BA83F2CBD370000960199 /* MainTabView.swift */,
			);
			path = Main;
			sourceTree = "<group>";
		};
		732BA8332CBD358C00960199 /* UploadPost */ = {
			isa = PBXGroup;
			children = (
				732BA8472CBD374A00960199 /* UploadPostView.swift */,
			);
			path = UploadPost;
			sourceTree = "<group>";
		};
		732BA8342CBD359D00960199 /* Profile */ = {
			isa = PBXGroup;
			children = (
				732BA8492CBD375700960199 /* ProfileView.swift */,
				73B60A262CBE853A003E1931 /* ProfileHeaderView.swift */,
				73B60A282CBE86E5003E1931 /* UserStatusView.swift */,
				73B60A2A2CBE914D003E1931 /* ProfileActionButtonView.swift */,
			);
			path = Profile;
			sourceTree = "<group>";
		};
		732BA8352CBD35A500960199 /* Feed */ = {
			isa = PBXGroup;
			children = (
				732BA8412CBD371800960199 /* FeedView.swift */,
				732BA84E2CBD3A6C00960199 /* FeedCell.swift */,
			);
			path = Feed;
			sourceTree = "<group>";
		};
		732BA8362CBD35AC00960199 /* Comments */ = {
			isa = PBXGroup;
			children = (
			);
			path = Comments;
			sourceTree = "<group>";
		};
		732BA8372CBD35BA00960199 /* Search */ = {
			isa = PBXGroup;
			children = (
				732BA8432CBD372500960199 /* SearchView.swift */,
			);
			path = Search;
			sourceTree = "<group>";
		};
		732BA8382CBD35C100960199 /* Notifications */ = {
			isa = PBXGroup;
			children = (
				732BA8452CBD373600960199 /* NotificationsView.swift */,
				732BA8592CBD55D800960199 /* NotificationCell.swift */,
			);
			path = Notifications;
			sourceTree = "<group>";
		};
		732BA8392CBD35CE00960199 /* Authentication */ = {
			isa = PBXGroup;
			children = (
				73B60A2E2CBEB635003E1931 /* LoginView.swift */,
				73B60A302CBEB63B003E1931 /* RegisterView.swift */,
				73B60A322CBEB648003E1931 /* ResetPasswordView.swift */,
			);
			path = Authentication;
			sourceTree = "<group>";
		};
		732BA83A2CBD35DE00960199 /* Components */ = {
			isa = PBXGroup;
			children = (
				732BA8502CBD47DC00960199 /* PostGridView.swift */,
				732BA8552CBD4B8A00960199 /* UserCell.swift */,
				732BA8572CBD4B9200960199 /* UserListView.swift */,
				73B60A362CBECC1E003E1931 /* TextFields */,
			);
			path = Components;
			sourceTree = "<group>";
		};
		732BA83B2CBD361600960199 /* Feed */ = {
			isa = PBXGroup;
			children = (
			);
			path = Feed;
			sourceTree = "<group>";
		};
		732BA83C2CBD361800960199 /* Notifications */ = {
			isa = PBXGroup;
			children = (
			);
			path = Notifications;
			sourceTree = "<group>";
		};
		732BA83D2CBD361B00960199 /* Authentication */ = {
			isa = PBXGroup;
			children = (
				737719CF2CBFBA94005ECE7E /* AuthViewModel.swift */,
			);
			path = Authentication;
			sourceTree = "<group>";
		};
		732BA83E2CBD361D00960199 /* Profile */ = {
			isa = PBXGroup;
			children = (
				7346B9772CC10F6900D520EA /* ProfileViewModel.swift */,
			);
			path = Profile;
			sourceTree = "<group>";
		};
		732BA8522CBD496900960199 /* Extensions */ = {
			isa = PBXGroup;
			children = (
				732BA85B2CBD5D3700960199 /* Image+Ext.swift */,
			);
			path = Extensions;
			sourceTree = "<group>";
		};
		737719C92CBFA65B005ECE7E /* App */ = {
			isa = PBXGroup;
			children = (
				732BA81E2CBD351F00960199 /* InstagramSwiftUIApp.swift */,
				737719CA2CBFA668005ECE7E /* AppDelegate.swift */,
			);
			path = App;
			sourceTree = "<group>";
		};
		737719D72CC0077E005ECE7E /* Search */ = {
			isa = PBXGroup;
			children = (
				737719D82CC0078A005ECE7E /* SearchViewModel.swift */,
			);
			path = Search;
			sourceTree = "<group>";
		};
		73B60A362CBECC1E003E1931 /* TextFields */ = {
			isa = PBXGroup;
			children = (
				73B60A342CBEB842003E1931 /* CustomTextField.swift */,
				73B60A372CBECC3D003E1931 /* CustomSecureTextField.swift */,
			);
			path = TextFields;
			sourceTree = "<group>";
		};
/* End PBXGroup section */

/* Begin PBXNativeTarget section */
		732BA81A2CBD351F00960199 /* InstagramSwiftUI */ = {
			isa = PBXNativeTarget;
			buildConfigurationList = 732BA8292CBD352000960199 /* Build configuration list for PBXNativeTarget "InstagramSwiftUI" */;
			buildPhases = (
				732BA8172CBD351F00960199 /* Sources */,
				732BA8182CBD351F00960199 /* Frameworks */,
				732BA8192CBD351F00960199 /* Resources */,
			);
			buildRules = (
			);
			dependencies = (
			);
			name = InstagramSwiftUI;
			packageProductDependencies = (
				737719C32CBFA637005ECE7E /* FirebaseAuth */,
				737719C52CBFA637005ECE7E /* FirebaseFirestore */,
				737719C72CBFA637005ECE7E /* FirebaseStorage */,
				737719CD2CBFAEB1005ECE7E /* Kingfisher */,
			);
			productName = InstagramSwiftUI;
			productReference = 732BA81B2CBD351F00960199 /* InstagramSwiftUI.app */;
			productType = "com.apple.product-type.application";
		};
/* End PBXNativeTarget section */

/* Begin PBXProject section */
		732BA8132CBD351F00960199 /* Project object */ = {
			isa = PBXProject;
			attributes = {
				BuildIndependentTargetsInParallel = 1;
				LastSwiftUpdateCheck = 1540;
				LastUpgradeCheck = 1540;
				TargetAttributes = {
					732BA81A2CBD351F00960199 = {
						CreatedOnToolsVersion = 15.4;
					};
				};
			};
			buildConfigurationList = 732BA8162CBD351F00960199 /* Build configuration list for PBXProject "InstagramSwiftUI" */;
			compatibilityVersion = "Xcode 14.0";
			developmentRegion = en;
			hasScannedForEncodings = 0;
			knownRegions = (
				en,
				Base,
			);
			mainGroup = 732BA8122CBD351F00960199;
			packageReferences = (
				737719C22CBFA637005ECE7E /* XCRemoteSwiftPackageReference "firebase-ios-sdk" */,
				737719CC2CBFAEB1005ECE7E /* XCRemoteSwiftPackageReference "Kingfisher" */,
			);
			productRefGroup = 732BA81C2CBD351F00960199 /* Products */;
			projectDirPath = "";
			projectRoot = "";
			targets = (
				732BA81A2CBD351F00960199 /* InstagramSwiftUI */,
			);
		};
/* End PBXProject section */

/* Begin PBXResourcesBuildPhase section */
		732BA8192CBD351F00960199 /* Resources */ = {
			isa = PBXResourcesBuildPhase;
			buildActionMask = 2147483647;
			files = (
				732BA8262CBD352000960199 /* Preview Assets.xcassets in Resources */,
				732BA8232CBD352000960199 /* Assets.xcassets in Resources */,
				737719C12CBFA5B8005ECE7E /* GoogleService-Info.plist in Resources */,
			);
			runOnlyForDeploymentPostprocessing = 0;
		};
/* End PBXResourcesBuildPhase section */

/* Begin PBXSourcesBuildPhase section */
		732BA8172CBD351F00960199 /* Sources */ = {
			isa = PBXSourcesBuildPhase;
			buildActionMask = 2147483647;
			files = (
				737719CB2CBFA668005ECE7E /* AppDelegate.swift in Sources */,
				732BA84A2CBD375700960199 /* ProfileView.swift in Sources */,
				73B60A312CBEB63B003E1931 /* RegisterView.swift in Sources */,
				732BA8442CBD372500960199 /* SearchView.swift in Sources */,
				73B60A332CBEB648003E1931 /* ResetPasswordView.swift in Sources */,
				737719D22CBFC618005ECE7E /* ImageUploader.swift in Sources */,
				732BA8422CBD371800960199 /* FeedView.swift in Sources */,
				73B60A2D2CBE9E17003E1931 /* ImagePicker.swift in Sources */,
				73B60A2B2CBE914D003E1931 /* ProfileActionButtonView.swift in Sources */,
				732BA8482CBD374A00960199 /* UploadPostView.swift in Sources */,
				732BA85A2CBD55D800960199 /* NotificationCell.swift in Sources */,
				732BA8212CBD351F00960199 /* ContentView.swift in Sources */,
				732BA81F2CBD351F00960199 /* InstagramSwiftUIApp.swift in Sources */,
				7346B97A2CC123B500D520EA /* UserService.swift in Sources */,
				73B60A272CBE853A003E1931 /* ProfileHeaderView.swift in Sources */,
				73B60A352CBEB842003E1931 /* CustomTextField.swift in Sources */,
				732BA8402CBD370000960199 /* MainTabView.swift in Sources */,
				732BA8582CBD4B9200960199 /* UserListView.swift in Sources */,
				732BA8462CBD373600960199 /* NotificationsView.swift in Sources */,
				737719D92CC0078A005ECE7E /* SearchViewModel.swift in Sources */,
				732BA8512CBD47DC00960199 /* PostGridView.swift in Sources */,
				732BA85C2CBD5D3700960199 /* Image+Ext.swift in Sources */,
				737719D62CC004C7005ECE7E /* User.swift in Sources */,
				73B60A292CBE86E5003E1931 /* UserStatusView.swift in Sources */,
				737719D02CBFBA94005ECE7E /* AuthViewModel.swift in Sources */,
				7346B9782CC10F6900D520EA /* ProfileViewModel.swift in Sources */,
				73B60A2F2CBEB635003E1931 /* LoginView.swift in Sources */,
				73B60A382CBECC3D003E1931 /* CustomSecureTextField.swift in Sources */,
				732BA8562CBD4B8A00960199 /* UserCell.swift in Sources */,
				732BA84F2CBD3A6C00960199 /* FeedCell.swift in Sources */,
				737719D42CBFFF93005ECE7E /* Constants.swift in Sources */,
			);
			runOnlyForDeploymentPostprocessing = 0;
		};
/* End PBXSourcesBuildPhase section */

/* Begin XCBuildConfiguration section */
		732BA8272CBD352000960199 /* Debug */ = {
			isa = XCBuildConfiguration;
			buildSettings = {
				ALWAYS_SEARCH_USER_PATHS = NO;
				ASSETCATALOG_COMPILER_GENERATE_SWIFT_ASSET_SYMBOL_EXTENSIONS = YES;
				CLANG_ANALYZER_NONNULL = YES;
				CLANG_ANALYZER_NUMBER_OBJECT_CONVERSION = YES_AGGRESSIVE;
				CLANG_CXX_LANGUAGE_STANDARD = "gnu++20";
				CLANG_ENABLE_MODULES = YES;
				CLANG_ENABLE_OBJC_ARC = YES;
				CLANG_ENABLE_OBJC_WEAK = YES;
				CLANG_WARN_BLOCK_CAPTURE_AUTORELEASING = YES;
				CLANG_WARN_BOOL_CONVERSION = YES;
				CLANG_WARN_COMMA = YES;
				CLANG_WARN_CONSTANT_CONVERSION = YES;
				CLANG_WARN_DEPRECATED_OBJC_IMPLEMENTATIONS = YES;
				CLANG_WARN_DIRECT_OBJC_ISA_USAGE = YES_ERROR;
				CLANG_WARN_DOCUMENTATION_COMMENTS = YES;
				CLANG_WARN_EMPTY_BODY = YES;
				CLANG_WARN_ENUM_CONVERSION = YES;
				CLANG_WARN_INFINITE_RECURSION = YES;
				CLANG_WARN_INT_CONVERSION = YES;
				CLANG_WARN_NON_LITERAL_NULL_CONVERSION = YES;
				CLANG_WARN_OBJC_IMPLICIT_RETAIN_SELF = YES;
				CLANG_WARN_OBJC_LITERAL_CONVERSION = YES;
				CLANG_WARN_OBJC_ROOT_CLASS = YES_ERROR;
				CLANG_WARN_QUOTED_INCLUDE_IN_FRAMEWORK_HEADER = YES;
				CLANG_WARN_RANGE_LOOP_ANALYSIS = YES;
				CLANG_WARN_STRICT_PROTOTYPES = YES;
				CLANG_WARN_SUSPICIOUS_MOVE = YES;
				CLANG_WARN_UNGUARDED_AVAILABILITY = YES_AGGRESSIVE;
				CLANG_WARN_UNREACHABLE_CODE = YES;
				CLANG_WARN__DUPLICATE_METHOD_MATCH = YES;
				COPY_PHASE_STRIP = NO;
				DEBUG_INFORMATION_FORMAT = dwarf;
				ENABLE_STRICT_OBJC_MSGSEND = YES;
				ENABLE_TESTABILITY = YES;
				ENABLE_USER_SCRIPT_SANDBOXING = YES;
				GCC_C_LANGUAGE_STANDARD = gnu17;
				GCC_DYNAMIC_NO_PIC = NO;
				GCC_NO_COMMON_BLOCKS = YES;
				GCC_OPTIMIZATION_LEVEL = 0;
				GCC_PREPROCESSOR_DEFINITIONS = (
					"DEBUG=1",
					"$(inherited)",
				);
				GCC_WARN_64_TO_32_BIT_CONVERSION = YES;
				GCC_WARN_ABOUT_RETURN_TYPE = YES_ERROR;
				GCC_WARN_UNDECLARED_SELECTOR = YES;
				GCC_WARN_UNINITIALIZED_AUTOS = YES_AGGRESSIVE;
				GCC_WARN_UNUSED_FUNCTION = YES;
				GCC_WARN_UNUSED_VARIABLE = YES;
				IPHONEOS_DEPLOYMENT_TARGET = 17.5;
				LOCALIZATION_PREFERS_STRING_CATALOGS = YES;
				MTL_ENABLE_DEBUG_INFO = INCLUDE_SOURCE;
				MTL_FAST_MATH = YES;
				ONLY_ACTIVE_ARCH = YES;
				SDKROOT = iphoneos;
				SWIFT_ACTIVE_COMPILATION_CONDITIONS = "DEBUG $(inherited)";
				SWIFT_OPTIMIZATION_LEVEL = "-Onone";
			};
			name = Debug;
		};
		732BA8282CBD352000960199 /* Release */ = {
			isa = XCBuildConfiguration;
			buildSettings = {
				ALWAYS_SEARCH_USER_PATHS = NO;
				ASSETCATALOG_COMPILER_GENERATE_SWIFT_ASSET_SYMBOL_EXTENSIONS = YES;
				CLANG_ANALYZER_NONNULL = YES;
				CLANG_ANALYZER_NUMBER_OBJECT_CONVERSION = YES_AGGRESSIVE;
				CLANG_CXX_LANGUAGE_STANDARD = "gnu++20";
				CLANG_ENABLE_MODULES = YES;
				CLANG_ENABLE_OBJC_ARC = YES;
				CLANG_ENABLE_OBJC_WEAK = YES;
				CLANG_WARN_BLOCK_CAPTURE_AUTORELEASING = YES;
				CLANG_WARN_BOOL_CONVERSION = YES;
				CLANG_WARN_COMMA = YES;
				CLANG_WARN_CONSTANT_CONVERSION = YES;
				CLANG_WARN_DEPRECATED_OBJC_IMPLEMENTATIONS = YES;
				CLANG_WARN_DIRECT_OBJC_ISA_USAGE = YES_ERROR;
				CLANG_WARN_DOCUMENTATION_COMMENTS = YES;
				CLANG_WARN_EMPTY_BODY = YES;
				CLANG_WARN_ENUM_CONVERSION = YES;
				CLANG_WARN_INFINITE_RECURSION = YES;
				CLANG_WARN_INT_CONVERSION = YES;
				CLANG_WARN_NON_LITERAL_NULL_CONVERSION = YES;
				CLANG_WARN_OBJC_IMPLICIT_RETAIN_SELF = YES;
				CLANG_WARN_OBJC_LITERAL_CONVERSION = YES;
				CLANG_WARN_OBJC_ROOT_CLASS = YES_ERROR;
				CLANG_WARN_QUOTED_INCLUDE_IN_FRAMEWORK_HEADER = YES;
				CLANG_WARN_RANGE_LOOP_ANALYSIS = YES;
				CLANG_WARN_STRICT_PROTOTYPES = YES;
				CLANG_WARN_SUSPICIOUS_MOVE = YES;
				CLANG_WARN_UNGUARDED_AVAILABILITY = YES_AGGRESSIVE;
				CLANG_WARN_UNREACHABLE_CODE = YES;
				CLANG_WARN__DUPLICATE_METHOD_MATCH = YES;
				COPY_PHASE_STRIP = NO;
				DEBUG_INFORMATION_FORMAT = "dwarf-with-dsym";
				ENABLE_NS_ASSERTIONS = NO;
				ENABLE_STRICT_OBJC_MSGSEND = YES;
				ENABLE_USER_SCRIPT_SANDBOXING = YES;
				GCC_C_LANGUAGE_STANDARD = gnu17;
				GCC_NO_COMMON_BLOCKS = YES;
				GCC_WARN_64_TO_32_BIT_CONVERSION = YES;
				GCC_WARN_ABOUT_RETURN_TYPE = YES_ERROR;
				GCC_WARN_UNDECLARED_SELECTOR = YES;
				GCC_WARN_UNINITIALIZED_AUTOS = YES_AGGRESSIVE;
				GCC_WARN_UNUSED_FUNCTION = YES;
				GCC_WARN_UNUSED_VARIABLE = YES;
				IPHONEOS_DEPLOYMENT_TARGET = 17.5;
				LOCALIZATION_PREFERS_STRING_CATALOGS = YES;
				MTL_ENABLE_DEBUG_INFO = NO;
				MTL_FAST_MATH = YES;
				SDKROOT = iphoneos;
				SWIFT_COMPILATION_MODE = wholemodule;
				VALIDATE_PRODUCT = YES;
			};
			name = Release;
		};
		732BA82A2CBD352000960199 /* Debug */ = {
			isa = XCBuildConfiguration;
			buildSettings = {
				ASSETCATALOG_COMPILER_APPICON_NAME = AppIcon;
				ASSETCATALOG_COMPILER_GLOBAL_ACCENT_COLOR_NAME = AccentColor;
				CODE_SIGN_STYLE = Automatic;
				CURRENT_PROJECT_VERSION = 1;
				DEVELOPMENT_ASSET_PATHS = "\"InstagramSwiftUI/Preview Content\"";
				DEVELOPMENT_TEAM = ZXA7CMD83V;
				ENABLE_PREVIEWS = YES;
				GENERATE_INFOPLIST_FILE = YES;
				INFOPLIST_KEY_UIApplicationSceneManifest_Generation = YES;
				INFOPLIST_KEY_UIApplicationSupportsIndirectInputEvents = YES;
				INFOPLIST_KEY_UILaunchScreen_Generation = YES;
				INFOPLIST_KEY_UISupportedInterfaceOrientations_iPad = "UIInterfaceOrientationPortrait UIInterfaceOrientationPortraitUpsideDown UIInterfaceOrientationLandscapeLeft UIInterfaceOrientationLandscapeRight";
				INFOPLIST_KEY_UISupportedInterfaceOrientations_iPhone = "UIInterfaceOrientationPortrait UIInterfaceOrientationLandscapeLeft UIInterfaceOrientationLandscapeRight";
				LD_RUNPATH_SEARCH_PATHS = (
					"$(inherited)",
					"@executable_path/Frameworks",
				);
				MARKETING_VERSION = 1.0;
				PRODUCT_BUNDLE_IDENTIFIER = co.syegin.InstagramSwiftUI;
				PRODUCT_NAME = "$(TARGET_NAME)";
				SWIFT_EMIT_LOC_STRINGS = YES;
				SWIFT_VERSION = 5.0;
				TARGETED_DEVICE_FAMILY = "1,2";
			};
			name = Debug;
		};
		732BA82B2CBD352000960199 /* Release */ = {
			isa = XCBuildConfiguration;
			buildSettings = {
				ASSETCATALOG_COMPILER_APPICON_NAME = AppIcon;
				ASSETCATALOG_COMPILER_GLOBAL_ACCENT_COLOR_NAME = AccentColor;
				CODE_SIGN_STYLE = Automatic;
				CURRENT_PROJECT_VERSION = 1;
				DEVELOPMENT_ASSET_PATHS = "\"InstagramSwiftUI/Preview Content\"";
				DEVELOPMENT_TEAM = ZXA7CMD83V;
				ENABLE_PREVIEWS = YES;
				GENERATE_INFOPLIST_FILE = YES;
				INFOPLIST_KEY_UIApplicationSceneManifest_Generation = YES;
				INFOPLIST_KEY_UIApplicationSupportsIndirectInputEvents = YES;
				INFOPLIST_KEY_UILaunchScreen_Generation = YES;
				INFOPLIST_KEY_UISupportedInterfaceOrientations_iPad = "UIInterfaceOrientationPortrait UIInterfaceOrientationPortraitUpsideDown UIInterfaceOrientationLandscapeLeft UIInterfaceOrientationLandscapeRight";
				INFOPLIST_KEY_UISupportedInterfaceOrientations_iPhone = "UIInterfaceOrientationPortrait UIInterfaceOrientationLandscapeLeft UIInterfaceOrientationLandscapeRight";
				LD_RUNPATH_SEARCH_PATHS = (
					"$(inherited)",
					"@executable_path/Frameworks",
				);
				MARKETING_VERSION = 1.0;
				PRODUCT_BUNDLE_IDENTIFIER = co.syegin.InstagramSwiftUI;
				PRODUCT_NAME = "$(TARGET_NAME)";
				SWIFT_EMIT_LOC_STRINGS = YES;
				SWIFT_VERSION = 5.0;
				TARGETED_DEVICE_FAMILY = "1,2";
			};
			name = Release;
		};
/* End XCBuildConfiguration section */

/* Begin XCConfigurationList section */
		732BA8162CBD351F00960199 /* Build configuration list for PBXProject "InstagramSwiftUI" */ = {
			isa = XCConfigurationList;
			buildConfigurations = (
				732BA8272CBD352000960199 /* Debug */,
				732BA8282CBD352000960199 /* Release */,
			);
			defaultConfigurationIsVisible = 0;
			defaultConfigurationName = Release;
		};
		732BA8292CBD352000960199 /* Build configuration list for PBXNativeTarget "InstagramSwiftUI" */ = {
			isa = XCConfigurationList;
			buildConfigurations = (
				732BA82A2CBD352000960199 /* Debug */,
				732BA82B2CBD352000960199 /* Release */,
			);
			defaultConfigurationIsVisible = 0;
			defaultConfigurationName = Release;
		};
/* End XCConfigurationList section */

/* Begin XCRemoteSwiftPackageReference section */
		737719C22CBFA637005ECE7E /* XCRemoteSwiftPackageReference "firebase-ios-sdk" */ = {
			isa = XCRemoteSwiftPackageReference;
			repositoryURL = "https://github.com/firebase/firebase-ios-sdk";
			requirement = {
				kind = upToNextMajorVersion;
				minimumVersion = 11.3.0;
			};
		};
		737719CC2CBFAEB1005ECE7E /* XCRemoteSwiftPackageReference "Kingfisher" */ = {
			isa = XCRemoteSwiftPackageReference;
			repositoryURL = "https://github.com/onevcat/Kingfisher.git";
			requirement = {
				kind = upToNextMajorVersion;
				minimumVersion = 8.1.0;
			};
		};
/* End XCRemoteSwiftPackageReference section */

/* Begin XCSwiftPackageProductDependency section */
		737719C32CBFA637005ECE7E /* FirebaseAuth */ = {
			isa = XCSwiftPackageProductDependency;
			package = 737719C22CBFA637005ECE7E /* XCRemoteSwiftPackageReference "firebase-ios-sdk" */;
			productName = FirebaseAuth;
		};
		737719C52CBFA637005ECE7E /* FirebaseFirestore */ = {
			isa = XCSwiftPackageProductDependency;
			package = 737719C22CBFA637005ECE7E /* XCRemoteSwiftPackageReference "firebase-ios-sdk" */;
			productName = FirebaseFirestore;
		};
		737719C72CBFA637005ECE7E /* FirebaseStorage */ = {
			isa = XCSwiftPackageProductDependency;
			package = 737719C22CBFA637005ECE7E /* XCRemoteSwiftPackageReference "firebase-ios-sdk" */;
			productName = FirebaseStorage;
		};
		737719CD2CBFAEB1005ECE7E /* Kingfisher */ = {
			isa = XCSwiftPackageProductDependency;
			package = 737719CC2CBFAEB1005ECE7E /* XCRemoteSwiftPackageReference "Kingfisher" */;
			productName = Kingfisher;
		};
/* End XCSwiftPackageProductDependency section */
	};
	rootObject = 732BA8132CBD351F00960199 /* Project object */;
}
